
Microsoft Visual Studio Solution File, Format Version 12.00
# Visual Studio 15
VisualStudioVersion = 15.0.28010.2050
MinimumVisualStudioVersion = 10.0.40219.1
Project("{FAE04EC0-301F-11D3-BF4B-00C04F79EFBC}") = "FibonacciLib", "FibonacciLib\FibonacciLib.csproj", "{A72A611E-538E-4393-8236-AA2F1E1B2983}"
EndProject
Project("{FAE04EC0-301F-11D3-BF4B-00C04F79EFBC}") = "FibonacciLib.Tests", "FibonacciLib.Tests\FibonacciLib.Tests.csproj", "{7C851C00-7649-4F1D-AD60-0C93901DB9FB}"
EndProject
Global
	GlobalSection(SolutionConfigurationPlatforms) = preSolution
		Debug|Any CPU = Debug|Any CPU
		Release|Any CPU = Release|Any CPU
	EndGlobalSection
	GlobalSection(ProjectConfigurationPlatforms) = postSolution
		{A72A611E-538E-4393-8236-AA2F1E1B2983}.Debug|Any CPU.ActiveCfg = Debug|Any CPU
		{A72A611E-538E-4393-8236-AA2F1E1B2983}.Debug|Any CPU.Build.0 = Debug|Any CPU
		{A72A611E-538E-4393-8236-AA2F1E1B2983}.Release|Any CPU.ActiveCfg = Release|Any CPU
		{A72A611E-538E-4393-8236-AA2F1E1B2983}.Release|Any CPU.Build.0 = Release|Any CPU
		{7C851C00-7649-4F1D-AD60-0C93901DB9FB}.Debug|Any CPU.ActiveCfg = Debug|Any CPU
		{7C851C00-7649-4F1D-AD60-0C93901DB9FB}.Debug|Any CPU.Build.0 = Debug|Any CPU
		{7C851C00-7649-4F1D-AD60-0C93901DB9FB}.Release|Any CPU.ActiveCfg = Release|Any CPU
		{7C851C00-7649-4F1D-AD60-0C93901DB9FB}.Release|Any CPU.Build.0 = Release|Any CPU
	EndGlobalSection
	GlobalSection(SolutionProperties) = preSolution
		HideSolutionNode = FALSE
	EndGlobalSection
	GlobalSection(ExtensibilityGlobals) = postSolution
		SolutionGuid = {614EE7F0-5DED-4098-A918-186341FA82A7}
	EndGlobalSection
EndGlobal
